
Microsoft Visual Studio Solution File, Format Version 12.00
# Visual Studio 12
VisualStudioVersion = 12.0.40629.0
MinimumVisualStudioVersion = 10.0.40219.1
Project("{FAE04EC0-301F-11D3-BF4B-00C04F79EFBC}") = "Admin.Web", "src\Admin.Web\Admin.Web.csproj", "{09315C07-8073-4D9C-98D3-B7C6965CB619}"
EndProject
Project("{2150E333-8FDC-42A3-9474-1A3956D46DE8}") = "src", "src", "{611D7BD7-C027-49B1-A3AD-45BB71CB1946}"
EndProject
Project("{FAE04EC0-301F-11D3-BF4B-00C04F79EFBC}") = "Core", "src\Core\Core.csproj", "{646E9293-3B17-4EEA-BFFC-E0022467413D}"
EndProject
Project("{FAE04EC0-301F-11D3-BF4B-00C04F79EFBC}") = "Core.Data", "src\Core.Data\Core.Data.csproj", "{7DB04959-A5B6-453E-9AEA-9BE7AE366B5B}"
EndProject
Project("{FAE04EC0-301F-11D3-BF4B-00C04F79EFBC}") = "Core.Data.EntityFramework", "src\Core.Data.EntityFramework\Core.Data.EntityFramework.csproj", "{493C065A-6F63-44F1-B274-BFF0367369F6}"
EndProject
Project("{FAE04EC0-301F-11D3-BF4B-00C04F79EFBC}") = "Core.Domain", "src\Core.Domain\Core.Domain.csproj", "{4707CACC-8067-4560-ABB6-ADDF83FBC5C2}"
EndProject
Project("{FAE04EC0-301F-11D3-BF4B-00C04F79EFBC}") = "Core.Domain.Abstractions", "src\Core.Domain.Abstractions\Core.Domain.Abstractions.csproj", "{50134116-FD13-41C4-B0A1-E2FAEBEB4C95}"
EndProject
Project("{FAE04EC0-301F-11D3-BF4B-00C04F79EFBC}") = "Core.Domain.Events", "src\Core.Domain.Events\Core.Domain.Events.csproj", "{60A6D610-5384-4B2F-8D66-D48C01621B55}"
EndProject
Project("{FAE04EC0-301F-11D3-BF4B-00C04F79EFBC}") = "Core.Infrastructure", "src\Core.Infrastructure\Core.Infrastructure.csproj", "{36376746-BC58-4E77-BC35-C38BE6EC1139}"
EndProject
Project("{FAE04EC0-301F-11D3-BF4B-00C04F79EFBC}") = "Core.Mvc", "src\Core.Mvc\Core.Mvc.csproj", "{714BDFBF-0BF5-4C59-9D29-CFB8CE6B2123}"
EndProject
Project("{FAE04EC0-301F-11D3-BF4B-00C04F79EFBC}") = "Core.Mvc.Infrastructure", "src\Core.Mvc.Abstractions\Core.Mvc.Infrastructure.csproj", "{6B688EE7-C66E-4AD5-9150-50E9D4DDAD5D}"
EndProject
Project("{FAE04EC0-301F-11D3-BF4B-00C04F79EFBC}") = "Core.Plugins", "src\Core.Plugins\Core.Plugins.csproj", "{9C1A4D59-D723-40EB-A844-7499AE1096AD}"
EndProject
Project("{2150E333-8FDC-42A3-9474-1A3956D46DE8}") = "Core.Ext", "Core.Ext", "{4773A18C-5992-4D2D-877C-154EDACCD31B}"
EndProject
Project("{FAE04EC0-301F-11D3-BF4B-00C04F79EFBC}") = "Framework.Web", "src\Framework.Web\Framework.Web.csproj", "{2BC1E340-C3A4-400A-BAD3-A7F106835F7E}"
EndProject
Project("{2150E333-8FDC-42A3-9474-1A3956D46DE8}") = "Solution Items", "Solution Items", "{AA336B4B-569A-45D0-B05A-4702BADA8C24}"
	ProjectSection(SolutionItems) = preProject
		Directory.build.props = Directory.build.props
	EndProjectSection
EndProject
Project("{FAE04EC0-301F-11D3-BF4B-00C04F79EFBC}") = "Sampoerna.eDPS.Web", "src\Sampoerna.eDPS.Web\Sampoerna.eDPS.Web.csproj", "{34B252AC-99CE-4591-8218-3EE6D0E61F7D}"
EndProject
Project("{FAE04EC0-301F-11D3-BF4B-00C04F79EFBC}") = "Sampoerna.eDPS.Web.Tests", "Sampoerna.eDPS.Web.Tests\Sampoerna.eDPS.Web.Tests.csproj", "{EDFFD5BA-15CF-426B-B321-676B346FBA3F}"
EndProject
Global
	GlobalSection(SolutionConfigurationPlatforms) = preSolution
		Debug|Any CPU = Debug|Any CPU
		Release|Any CPU = Release|Any CPU
	EndGlobalSection
	GlobalSection(ProjectConfigurationPlatforms) = postSolution
		{09315C07-8073-4D9C-98D3-B7C6965CB619}.Debug|Any CPU.ActiveCfg = Debug|Any CPU
		{09315C07-8073-4D9C-98D3-B7C6965CB619}.Debug|Any CPU.Build.0 = Debug|Any CPU
		{09315C07-8073-4D9C-98D3-B7C6965CB619}.Release|Any CPU.ActiveCfg = Release|Any CPU
		{09315C07-8073-4D9C-98D3-B7C6965CB619}.Release|Any CPU.Build.0 = Release|Any CPU
		{646E9293-3B17-4EEA-BFFC-E0022467413D}.Debug|Any CPU.ActiveCfg = Debug|Any CPU
		{646E9293-3B17-4EEA-BFFC-E0022467413D}.Debug|Any CPU.Build.0 = Debug|Any CPU
		{646E9293-3B17-4EEA-BFFC-E0022467413D}.Release|Any CPU.ActiveCfg = Debug|Any CPU
		{646E9293-3B17-4EEA-BFFC-E0022467413D}.Release|Any CPU.Build.0 = Debug|Any CPU
		{7DB04959-A5B6-453E-9AEA-9BE7AE366B5B}.Debug|Any CPU.ActiveCfg = Debug|Any CPU
		{7DB04959-A5B6-453E-9AEA-9BE7AE366B5B}.Debug|Any CPU.Build.0 = Debug|Any CPU
		{7DB04959-A5B6-453E-9AEA-9BE7AE366B5B}.Release|Any CPU.ActiveCfg = Debug|Any CPU
		{7DB04959-A5B6-453E-9AEA-9BE7AE366B5B}.Release|Any CPU.Build.0 = Debug|Any CPU
		{493C065A-6F63-44F1-B274-BFF0367369F6}.Debug|Any CPU.ActiveCfg = Debug|Any CPU
		{493C065A-6F63-44F1-B274-BFF0367369F6}.Debug|Any CPU.Build.0 = Debug|Any CPU
		{493C065A-6F63-44F1-B274-BFF0367369F6}.Release|Any CPU.ActiveCfg = Debug|Any CPU
		{493C065A-6F63-44F1-B274-BFF0367369F6}.Release|Any CPU.Build.0 = Debug|Any CPU
		{4707CACC-8067-4560-ABB6-ADDF83FBC5C2}.Debug|Any CPU.ActiveCfg = Debug|Any CPU
		{4707CACC-8067-4560-ABB6-ADDF83FBC5C2}.Debug|Any CPU.Build.0 = Debug|Any CPU
		{4707CACC-8067-4560-ABB6-ADDF83FBC5C2}.Release|Any CPU.ActiveCfg = Debug|Any CPU
		{4707CACC-8067-4560-ABB6-ADDF83FBC5C2}.Release|Any CPU.Build.0 = Debug|Any CPU
		{50134116-FD13-41C4-B0A1-E2FAEBEB4C95}.Debug|Any CPU.ActiveCfg = Debug|Any CPU
		{50134116-FD13-41C4-B0A1-E2FAEBEB4C95}.Debug|Any CPU.Build.0 = Debug|Any CPU
		{50134116-FD13-41C4-B0A1-E2FAEBEB4C95}.Release|Any CPU.ActiveCfg = Debug|Any CPU
		{50134116-FD13-41C4-B0A1-E2FAEBEB4C95}.Release|Any CPU.Build.0 = Debug|Any CPU
		{60A6D610-5384-4B2F-8D66-D48C01621B55}.Debug|Any CPU.ActiveCfg = Debug|Any CPU
		{60A6D610-5384-4B2F-8D66-D48C01621B55}.Debug|Any CPU.Build.0 = Debug|Any CPU
		{60A6D610-5384-4B2F-8D66-D48C01621B55}.Release|Any CPU.ActiveCfg = Debug|Any CPU
		{60A6D610-5384-4B2F-8D66-D48C01621B55}.Release|Any CPU.Build.0 = Debug|Any CPU
		{36376746-BC58-4E77-BC35-C38BE6EC1139}.Debug|Any CPU.ActiveCfg = Debug|Any CPU
		{36376746-BC58-4E77-BC35-C38BE6EC1139}.Debug|Any CPU.Build.0 = Debug|Any CPU
		{36376746-BC58-4E77-BC35-C38BE6EC1139}.Release|Any CPU.ActiveCfg = Debug|Any CPU
		{36376746-BC58-4E77-BC35-C38BE6EC1139}.Release|Any CPU.Build.0 = Debug|Any CPU
		{714BDFBF-0BF5-4C59-9D29-CFB8CE6B2123}.Debug|Any CPU.ActiveCfg = Debug|Any CPU
		{714BDFBF-0BF5-4C59-9D29-CFB8CE6B2123}.Debug|Any CPU.Build.0 = Debug|Any CPU
		{714BDFBF-0BF5-4C59-9D29-CFB8CE6B2123}.Release|Any CPU.ActiveCfg = Debug|Any CPU
		{714BDFBF-0BF5-4C59-9D29-CFB8CE6B2123}.Release|Any CPU.Build.0 = Debug|Any CPU
		{6B688EE7-C66E-4AD5-9150-50E9D4DDAD5D}.Debug|Any CPU.ActiveCfg = Debug|Any CPU
		{6B688EE7-C66E-4AD5-9150-50E9D4DDAD5D}.Debug|Any CPU.Build.0 = Debug|Any CPU
		{6B688EE7-C66E-4AD5-9150-50E9D4DDAD5D}.Release|Any CPU.ActiveCfg = Debug|Any CPU
		{6B688EE7-C66E-4AD5-9150-50E9D4DDAD5D}.Release|Any CPU.Build.0 = Debug|Any CPU
		{9C1A4D59-D723-40EB-A844-7499AE1096AD}.Debug|Any CPU.ActiveCfg = Debug|Any CPU
		{9C1A4D59-D723-40EB-A844-7499AE1096AD}.Debug|Any CPU.Build.0 = Debug|Any CPU
		{9C1A4D59-D723-40EB-A844-7499AE1096AD}.Release|Any CPU.ActiveCfg = Debug|Any CPU
		{9C1A4D59-D723-40EB-A844-7499AE1096AD}.Release|Any CPU.Build.0 = Debug|Any CPU
		{2BC1E340-C3A4-400A-BAD3-A7F106835F7E}.Debug|Any CPU.ActiveCfg = Debug|Any CPU
		{2BC1E340-C3A4-400A-BAD3-A7F106835F7E}.Debug|Any CPU.Build.0 = Debug|Any CPU
		{2BC1E340-C3A4-400A-BAD3-A7F106835F7E}.Release|Any CPU.ActiveCfg = Release|Any CPU
		{2BC1E340-C3A4-400A-BAD3-A7F106835F7E}.Release|Any CPU.Build.0 = Release|Any CPU
		{34B252AC-99CE-4591-8218-3EE6D0E61F7D}.Debug|Any CPU.ActiveCfg = Debug|Any CPU
		{34B252AC-99CE-4591-8218-3EE6D0E61F7D}.Debug|Any CPU.Build.0 = Debug|Any CPU
		{34B252AC-99CE-4591-8218-3EE6D0E61F7D}.Release|Any CPU.ActiveCfg = Release|Any CPU
		{34B252AC-99CE-4591-8218-3EE6D0E61F7D}.Release|Any CPU.Build.0 = Release|Any CPU
		{EDFFD5BA-15CF-426B-B321-676B346FBA3F}.Debug|Any CPU.ActiveCfg = Debug|Any CPU
		{EDFFD5BA-15CF-426B-B321-676B346FBA3F}.Debug|Any CPU.Build.0 = Debug|Any CPU
		{EDFFD5BA-15CF-426B-B321-676B346FBA3F}.Release|Any CPU.ActiveCfg = Release|Any CPU
		{EDFFD5BA-15CF-426B-B321-676B346FBA3F}.Release|Any CPU.Build.0 = Release|Any CPU
	EndGlobalSection
	GlobalSection(SolutionProperties) = preSolution
		HideSolutionNode = FALSE
	EndGlobalSection
	GlobalSection(NestedProjects) = preSolution
		{646E9293-3B17-4EEA-BFFC-E0022467413D} = {4773A18C-5992-4D2D-877C-154EDACCD31B}
		{7DB04959-A5B6-453E-9AEA-9BE7AE366B5B} = {4773A18C-5992-4D2D-877C-154EDACCD31B}
		{493C065A-6F63-44F1-B274-BFF0367369F6} = {4773A18C-5992-4D2D-877C-154EDACCD31B}
		{4707CACC-8067-4560-ABB6-ADDF83FBC5C2} = {4773A18C-5992-4D2D-877C-154EDACCD31B}
		{50134116-FD13-41C4-B0A1-E2FAEBEB4C95} = {4773A18C-5992-4D2D-877C-154EDACCD31B}
		{60A6D610-5384-4B2F-8D66-D48C01621B55} = {4773A18C-5992-4D2D-877C-154EDACCD31B}
		{36376746-BC58-4E77-BC35-C38BE6EC1139} = {4773A18C-5992-4D2D-877C-154EDACCD31B}
		{714BDFBF-0BF5-4C59-9D29-CFB8CE6B2123} = {4773A18C-5992-4D2D-877C-154EDACCD31B}
		{6B688EE7-C66E-4AD5-9150-50E9D4DDAD5D} = {4773A18C-5992-4D2D-877C-154EDACCD31B}
		{9C1A4D59-D723-40EB-A844-7499AE1096AD} = {4773A18C-5992-4D2D-877C-154EDACCD31B}
		{4773A18C-5992-4D2D-877C-154EDACCD31B} = {611D7BD7-C027-49B1-A3AD-45BB71CB1946}
	EndGlobalSection
EndGlobal
